# THIS IS AN AUTOGENERATED FILE. DO NOT EDIT THIS FILE DIRECTLY.
# yarn lockfile v1


"@ant-design-vue/use@^0.0.1-0":
  "integrity" "sha1-FGl87Uqj5tdqYwCOh9v20+8+B9o="
  "resolved" "https://registry.nlark.com/@ant-design-vue/use/download/@ant-design-vue/use-0.0.1-alpha.10.tgz"
  "version" "0.0.1-alpha.10"
  dependencies:
    "async-validator" "^3.4.0"
    "lodash-es" "^4.17.15"
    "resize-observer-polyfill" "^1.5.1"
    "vue" "^3.0.0"

"@ant-design/colors@^5.0.0":
  "integrity" "sha1-gAshhrHifmZDLmfQPtlq8+IdiUA="
  "resolved" "https://registry.npm.taobao.org/@ant-design/colors/download/@ant-design/colors-5.1.1.tgz"
  "version" "5.1.1"
  dependencies:
    "@ctrl/tinycolor" "^3.3.1"

"@ant-design/icons-svg@^4.0.0":
  "integrity" "sha1-SAsCX0sg73/o9H1KSEbk/uhOoGw="
  "resolved" "https://registry.npm.taobao.org/@ant-design/icons-svg/download/@ant-design/icons-svg-4.1.0.tgz"
  "version" "4.1.0"

"@ant-design/icons-vue@^6.0.0":
  "integrity" "sha1-nYBMPHTSz6+XyxjlgtO5QAk09f0="
  "resolved" "https://registry.npm.taobao.org/@ant-design/icons-vue/download/@ant-design/icons-vue-6.0.1.tgz?cache=0&other_urls=https%3A%2F%2Fregistry.npm.taobao.org%2F%40ant-design%2Ficons-vue%2Fdownload%2F%40ant-design%2Ficons-vue-6.0.1.tgz"
  "version" "6.0.1"
  dependencies:
    "@ant-design/colors" "^5.0.0"
    "@ant-design/icons-svg" "^4.0.0"
    "@types/lodash" "^4.14.165"
    "lodash" "^4.17.15"

"@babel/helper-validator-identifier@^7.14.5":
  "integrity" "sha1-0PDid8US4Mk4J3+qhaOWjJpEwOg="
  "resolved" "https://registry.nlark.com/@babel/helper-validator-identifier/download/@babel/helper-validator-identifier-7.14.5.tgz?cache=0&sync_timestamp=1623280293264&other_urls=https%3A%2F%2Fregistry.nlark.com%2F%40babel%2Fhelper-validator-identifier%2Fdownload%2F%40babel%2Fhelper-validator-identifier-7.14.5.tgz"
  "version" "7.14.5"

"@babel/parser@^7.12.0", "@babel/parser@^7.13.9":
  "integrity" "sha1-TNLzRiYQYbJRiHP/7N8WEssDKCk="
  "resolved" "https://registry.nlark.com/@babel/parser/download/@babel/parser-7.14.5.tgz"
  "version" "7.14.5"

"@babel/runtime@^7.10.5":
  "integrity" "sha1-ZlRQkRxgMa84+B21MPOH7ATNmpg="
  "resolved" "https://registry.nlark.com/@babel/runtime/download/@babel/runtime-7.14.5.tgz?cache=0&sync_timestamp=1623280482592&other_urls=https%3A%2F%2Fregistry.nlark.com%2F%40babel%2Fruntime%2Fdownload%2F%40babel%2Fruntime-7.14.5.tgz"
  "version" "7.14.5"
  dependencies:
    "regenerator-runtime" "^0.13.4"

"@babel/types@^7.12.0", "@babel/types@^7.13.0":
  "integrity" "sha1-O7mXuoKaIQTO2yBonEpbgSHTg/8="
  "resolved" "https://registry.nlark.com/@babel/types/download/@babel/types-7.14.5.tgz?cache=0&sync_timestamp=1623280355970&other_urls=https%3A%2F%2Fregistry.nlark.com%2F%40babel%2Ftypes%2Fdownload%2F%40babel%2Ftypes-7.14.5.tgz"
  "version" "7.14.5"
  dependencies:
    "@babel/helper-validator-identifier" "^7.14.5"
    "to-fast-properties" "^2.0.0"

"@ctrl/tinycolor@^3.3.1":
  "integrity" "sha1-w8WuVDyJfKqcKmhjC+01W+X5mQ8="
  "resolved" "https://registry.npm.taobao.org/@ctrl/tinycolor/download/@ctrl/tinycolor-3.4.0.tgz"
  "version" "3.4.0"

"@popperjs/core@^2.4.4":
  "integrity" "sha1-rep7aVPLs0ZRdmsFSEaOdDxqI1M="
  "resolved" "https://registry.nlark.com/@popperjs/core/download/@popperjs/core-2.9.2.tgz"
  "version" "2.9.2"

"@rollup/pluginutils@^4.1.0":
  "integrity" "sha1-Dcxhx4DjkldVT+t/dyB9zsoTyDg="
  "resolved" "https://registry.npm.taobao.org/@rollup/pluginutils/download/@rollup/pluginutils-4.1.0.tgz?cache=0&sync_timestamp=1603767889260&other_urls=https%3A%2F%2Fregistry.npm.taobao.org%2F%40rollup%2Fpluginutils%2Fdownload%2F%40rollup%2Fpluginutils-4.1.0.tgz"
  "version" "4.1.0"
  dependencies:
    "estree-walker" "^2.0.1"
    "picomatch" "^2.2.2"

"@simonwep/pickr@~1.8.0":
  "integrity" "sha1-4TbL2cNF3bt9cesUr1RMeYFl1JU="
  "resolved" "https://registry.nlark.com/@simonwep/pickr/download/@simonwep/pickr-1.8.1.tgz"
  "version" "1.8.1"
  dependencies:
    "core-js" "^3.12.1"
    "nanopop" "^2.1.0"

"@types/lodash@^4.14.161", "@types/lodash@^4.14.165":
  "integrity" "sha1-DWdxHUv39MpRR+kJG4R0ebh5JdY="
  "resolved" "https://registry.nlark.com/@types/lodash/download/@types/lodash-4.14.170.tgz"
  "version" "4.14.170"

"@vitejs/plugin-vue@^1.2.3":
  "integrity" "sha1-Lo4AixzDpq0d++x1dDx//ZtIcqY="
  "resolved" "https://registry.nlark.com/@vitejs/plugin-vue/download/@vitejs/plugin-vue-1.2.3.tgz"
  "version" "1.2.3"

"@vue/compiler-core@3.1.1":
  "integrity" "sha1-TyxdcOq9RUZ1cUzIvSuX9qjvsZY="
  "resolved" "https://registry.nlark.com/@vue/compiler-core/download/@vue/compiler-core-3.1.1.tgz"
  "version" "3.1.1"
  dependencies:
    "@babel/parser" "^7.12.0"
    "@babel/types" "^7.12.0"
    "@vue/shared" "3.1.1"
    "estree-walker" "^2.0.1"
    "source-map" "^0.6.1"

"@vue/compiler-dom@3.1.1":
  "integrity" "sha1-72DYVqwu3lsq1ccqemgSKJXj1lI="
  "resolved" "https://registry.nlark.com/@vue/compiler-dom/download/@vue/compiler-dom-3.1.1.tgz"
  "version" "3.1.1"
  dependencies:
    "@vue/compiler-core" "3.1.1"
    "@vue/shared" "3.1.1"

"@vue/compiler-sfc@^3.0.5", "@vue/compiler-sfc@^3.0.8", "@vue/compiler-sfc@>=3.1.0":
  "integrity" "sha1-1ORQfAE9CyGfCxBrMX7FuxzeM5g="
  "resolved" "https://registry.nlark.com/@vue/compiler-sfc/download/@vue/compiler-sfc-3.1.1.tgz?cache=0&sync_timestamp=1623098644265&other_urls=https%3A%2F%2Fregistry.nlark.com%2F%40vue%2Fcompiler-sfc%2Fdownload%2F%40vue%2Fcompiler-sfc-3.1.1.tgz"
  "version" "3.1.1"
  dependencies:
    "@babel/parser" "^7.13.9"
    "@babel/types" "^7.13.0"
    "@vue/compiler-core" "3.1.1"
    "@vue/compiler-dom" "3.1.1"
    "@vue/compiler-ssr" "3.1.1"
    "@vue/shared" "3.1.1"
    "consolidate" "^0.16.0"
    "estree-walker" "^2.0.1"
    "hash-sum" "^2.0.0"
    "lru-cache" "^5.1.1"
    "magic-string" "^0.25.7"
    "merge-source-map" "^1.1.0"
    "postcss" "^8.1.10"
    "postcss-modules" "^4.0.0"
    "postcss-selector-parser" "^6.0.4"
    "source-map" "^0.6.1"

"@vue/compiler-ssr@3.1.1":
  "integrity" "sha1-HQi5hgE5cljtBZt1lm4OlKOF13A="
  "resolved" "https://registry.nlark.com/@vue/compiler-ssr/download/@vue/compiler-ssr-3.1.1.tgz"
  "version" "3.1.1"
  dependencies:
    "@vue/compiler-dom" "3.1.1"
    "@vue/shared" "3.1.1"

"@vue/devtools-api@^6.0.0-beta.10":
  "integrity" "sha1-btLW+NZqklbJrQS//wgwm6h7lyM="
  "resolved" "https://registry.nlark.com/@vue/devtools-api/download/@vue/devtools-api-6.0.0-beta.14.tgz?cache=0&sync_timestamp=1623239831716&other_urls=https%3A%2F%2Fregistry.nlark.com%2F%40vue%2Fdevtools-api%2Fdownload%2F%40vue%2Fdevtools-api-6.0.0-beta.14.tgz"
  "version" "6.0.0-beta.14"

"@vue/reactivity@3.1.1":
  "integrity" "sha1-nAL9FGpsOwPn1li3z3b0tpsPmMg="
  "resolved" "https://registry.nlark.com/@vue/reactivity/download/@vue/reactivity-3.1.1.tgz"
  "version" "3.1.1"
  dependencies:
    "@vue/shared" "3.1.1"

"@vue/runtime-core@3.1.1":
  "integrity" "sha1-VCEQwJpkPX2AZGovBxr/azJMQVg="
  "resolved" "https://registry.nlark.com/@vue/runtime-core/download/@vue/runtime-core-3.1.1.tgz"
  "version" "3.1.1"
  dependencies:
    "@vue/reactivity" "3.1.1"
    "@vue/shared" "3.1.1"

"@vue/runtime-dom@3.1.1":
  "integrity" "sha1-VTm7zhMtKfZEW0lky3tBZKiaXOY="
  "resolved" "https://registry.nlark.com/@vue/runtime-dom/download/@vue/runtime-dom-3.1.1.tgz"
  "version" "3.1.1"
  dependencies:
    "@vue/runtime-core" "3.1.1"
    "@vue/shared" "3.1.1"
    "csstype" "^2.6.8"

"@vue/shared@3.1.1":
  "integrity" "sha1-IofPw9wg5bIK62XCw6VlM73KgBw="
  "resolved" "https://registry.nlark.com/@vue/shared/download/@vue/shared-3.1.1.tgz"
  "version" "3.1.1"

"ant-design-vue@^2.2.0-beta.2":
  "integrity" "sha1-7wG5m4uCOgCs5NNzU5v9OTuWpkA="
  "resolved" "https://registry.nlark.com/ant-design-vue/download/ant-design-vue-2.2.0-beta.3.tgz"
  "version" "2.2.0-beta.3"
  dependencies:
    "@ant-design-vue/use" "^0.0.1-0"
    "@ant-design/icons-vue" "^6.0.0"
    "@babel/runtime" "^7.10.5"
    "@simonwep/pickr" "~1.8.0"
    "array-tree-filter" "^2.1.0"
    "async-validator" "^3.3.0"
    "dom-align" "^1.12.1"
    "dom-scroll-into-view" "^2.0.0"
    "lodash" "^4.17.21"
    "lodash-es" "^4.17.15"
    "moment" "^2.27.0"
    "omit.js" "^2.0.0"
    "scroll-into-view-if-needed" "^2.2.25"
    "shallow-equal" "^1.0.0"
    "vue-types" "^3.0.0"
    "warning" "^4.0.0"

"array-tree-filter@^2.1.0":
  "integrity" "sha1-hzrAD+yDdJ8lWsjdCDgUtPYykZA="
  "resolved" "https://registry.npm.taobao.org/array-tree-filter/download/array-tree-filter-2.1.0.tgz"
  "version" "2.1.0"

"async-validator@^3.3.0", "async-validator@^3.4.0":
  "integrity" "sha1-aOhmqWgk6LJpT/eoMcGiXETV5QA="
  "resolved" "https://registry.nlark.com/async-validator/download/async-validator-3.5.2.tgz"
  "version" "3.5.2"

"big.js@^5.2.2":
  "integrity" "sha1-ZfCvOC9Xi83HQr2cKB6cstd2gyg="
  "resolved" "https://registry.nlark.com/big.js/download/big.js-5.2.2.tgz"
  "version" "5.2.2"

"bluebird@^3.7.2":
  "integrity" "sha1-nyKcFb4nJFT/qXOs4NvueaGww28="
  "resolved" "https://registry.nlark.com/bluebird/download/bluebird-3.7.2.tgz?cache=0&sync_timestamp=1618847007562&other_urls=https%3A%2F%2Fregistry.nlark.com%2Fbluebird%2Fdownload%2Fbluebird-3.7.2.tgz"
  "version" "3.7.2"

"camel-case@^4.1.2":
  "integrity" "sha1-lygHKpVPgFIoIlpt7qazhGHhvVo="
  "resolved" "https://registry.npm.taobao.org/camel-case/download/camel-case-4.1.2.tgz?cache=0&sync_timestamp=1606867297052&other_urls=https%3A%2F%2Fregistry.npm.taobao.org%2Fcamel-case%2Fdownload%2Fcamel-case-4.1.2.tgz"
  "version" "4.1.2"
  dependencies:
    "pascal-case" "^3.1.2"
    "tslib" "^2.0.3"

"capital-case@^1.0.4":
  "integrity" "sha1-nRMCkjU8kkn2sA+lhSvuOKcX5mk="
  "resolved" "https://registry.npm.taobao.org/capital-case/download/capital-case-1.0.4.tgz?cache=0&sync_timestamp=1606867325844&other_urls=https%3A%2F%2Fregistry.npm.taobao.org%2Fcapital-case%2Fdownload%2Fcapital-case-1.0.4.tgz"
  "version" "1.0.4"
  dependencies:
    "no-case" "^3.0.4"
    "tslib" "^2.0.3"
    "upper-case-first" "^2.0.2"

"change-case@^4.1.2":
  "integrity" "sha1-/t/F8TYEXiOYwEEO5EH5VwRkHhI="
  "resolved" "https://registry.npm.taobao.org/change-case/download/change-case-4.1.2.tgz?cache=0&sync_timestamp=1606867326259&other_urls=https%3A%2F%2Fregistry.npm.taobao.org%2Fchange-case%2Fdownload%2Fchange-case-4.1.2.tgz"
  "version" "4.1.2"
  dependencies:
    "camel-case" "^4.1.2"
    "capital-case" "^1.0.4"
    "constant-case" "^3.0.4"
    "dot-case" "^3.0.4"
    "header-case" "^2.0.4"
    "no-case" "^3.0.4"
    "param-case" "^3.0.4"
    "pascal-case" "^3.1.2"
    "path-case" "^3.0.4"
    "sentence-case" "^3.0.4"
    "snake-case" "^3.0.4"
    "tslib" "^2.0.3"

"colorette@^1.2.2":
  "integrity" "sha1-y8x51emcrqLb8Q6zom/Ys+as+pQ="
  "resolved" "https://registry.nlark.com/colorette/download/colorette-1.2.2.tgz"
  "version" "1.2.2"

"compute-scroll-into-view@^1.0.17":
  "integrity" "sha1-aojxis2dQunPS6pr7H4FImB6t6s="
  "resolved" "https://registry.npm.taobao.org/compute-scroll-into-view/download/compute-scroll-into-view-1.0.17.tgz?cache=0&sync_timestamp=1614042283471&other_urls=https%3A%2F%2Fregistry.npm.taobao.org%2Fcompute-scroll-into-view%2Fdownload%2Fcompute-scroll-into-view-1.0.17.tgz"
  "version" "1.0.17"

"consolidate@^0.16.0":
  "integrity" "sha1-oRhkdokw8vGUMWYKZZBmaPX73BY="
  "resolved" "https://registry.npm.taobao.org/consolidate/download/consolidate-0.16.0.tgz?cache=0&sync_timestamp=1599596647062&other_urls=https%3A%2F%2Fregistry.npm.taobao.org%2Fconsolidate%2Fdownload%2Fconsolidate-0.16.0.tgz"
  "version" "0.16.0"
  dependencies:
    "bluebird" "^3.7.2"

"constant-case@^3.0.4":
  "integrity" "sha1-O4Sprq9M8x7EXmv13pG9+wWJ+vE="
  "resolved" "https://registry.npm.taobao.org/constant-case/download/constant-case-3.0.4.tgz?cache=0&sync_timestamp=1606867325763&other_urls=https%3A%2F%2Fregistry.npm.taobao.org%2Fconstant-case%2Fdownload%2Fconstant-case-3.0.4.tgz"
  "version" "3.0.4"
  dependencies:
    "no-case" "^3.0.4"
    "tslib" "^2.0.3"
    "upper-case" "^2.0.2"

"core-js@^3.12.1":
  "integrity" "sha1-YjIrmMccwgGLAnlxppQZ4kJcKmw="
  "resolved" "https://registry.nlark.com/core-js/download/core-js-3.14.0.tgz?cache=0&sync_timestamp=1622879483099&other_urls=https%3A%2F%2Fregistry.nlark.com%2Fcore-js%2Fdownload%2Fcore-js-3.14.0.tgz"
  "version" "3.14.0"

"cssesc@^3.0.0":
  "integrity" "sha1-N3QZGZA7hoVl4cCep0dEXNGJg+4="
  "resolved" "https://registry.npm.taobao.org/cssesc/download/cssesc-3.0.0.tgz"
  "version" "3.0.0"

"csstype@^2.6.8":
  "integrity" "sha1-TPMOuH4dGgBdi2UQ+VKSQT9qHA4="
  "resolved" "https://registry.nlark.com/csstype/download/csstype-2.6.17.tgz?cache=0&sync_timestamp=1618818466657&other_urls=https%3A%2F%2Fregistry.nlark.com%2Fcsstype%2Fdownload%2Fcsstype-2.6.17.tgz"
  "version" "2.6.17"

"dayjs@1.x":
  "integrity" "sha1-VgDfRUj8JFOz8WPrsqu+llzPuYY="
  "resolved" "https://registry.nlark.com/dayjs/download/dayjs-1.10.5.tgz?cache=0&sync_timestamp=1622012259636&other_urls=https%3A%2F%2Fregistry.nlark.com%2Fdayjs%2Fdownload%2Fdayjs-1.10.5.tgz"
  "version" "1.10.5"

"debug@^4.3.2":
  "integrity" "sha1-8KScGKyHeeMdSgxgKd+3aHPHQos="
  "resolved" "https://registry.npm.taobao.org/debug/download/debug-4.3.2.tgz?cache=0&sync_timestamp=1607566533140&other_urls=https%3A%2F%2Fregistry.npm.taobao.org%2Fdebug%2Fdownload%2Fdebug-4.3.2.tgz"
  "version" "4.3.2"
  dependencies:
    "ms" "2.1.2"

"dom-align@^1.12.1":
  "integrity" "sha1-D4Fk69DJwhsMeQMQSTzYVYkqzUs="
  "resolved" "https://registry.nlark.com/dom-align/download/dom-align-1.12.2.tgz?cache=0&sync_timestamp=1621853342430&other_urls=https%3A%2F%2Fregistry.nlark.com%2Fdom-align%2Fdownload%2Fdom-align-1.12.2.tgz"
  "version" "1.12.2"

"dom-scroll-into-view@^2.0.0":
  "integrity" "sha1-DezIUigB/Y0/HGujVadNOCxfmJs="
  "resolved" "https://registry.npm.taobao.org/dom-scroll-into-view/download/dom-scroll-into-view-2.0.1.tgz"
  "version" "2.0.1"

"dot-case@^3.0.4":
  "integrity" "sha1-mytnDQCkMWZ6inW6Kc0bmICc51E="
  "resolved" "https://registry.npm.taobao.org/dot-case/download/dot-case-3.0.4.tgz"
  "version" "3.0.4"
  dependencies:
    "no-case" "^3.0.4"
    "tslib" "^2.0.3"

"echarts@^5.1.2":
  "integrity" "sha1-qhqwzvW3T6L3xiAmGl8oaJPTD9E="
  "resolved" "https://registry.nlark.com/echarts/download/echarts-5.1.2.tgz"
  "version" "5.1.2"
  dependencies:
    "tslib" "2.0.3"
    "zrender" "5.1.1"

"element-plus@^1.0.2-beta.48":
  "integrity" "sha1-jamd7NOXuZdc2JTTiQltLtWMaZ4="
  "resolved" "https://registry.nlark.com/element-plus/download/element-plus-1.0.2-beta.48.tgz"
  "version" "1.0.2-beta.48"
  dependencies:
    "@popperjs/core" "^2.4.4"
    "@types/lodash" "^4.14.161"
    "async-validator" "^3.4.0"
    "dayjs" "1.x"
    "lodash" "^4.17.20"
    "mitt" "^2.1.0"
    "normalize-wheel" "^1.0.1"
    "resize-observer-polyfill" "^1.5.1"

"emojis-list@^3.0.0":
  "integrity" "sha1-VXBmIEatKeLpFucariYKvf9Pang="
  "resolved" "https://registry.npm.taobao.org/emojis-list/download/emojis-list-3.0.0.tgz"
  "version" "3.0.0"

"es-module-lexer@^0.4.1":
  "integrity" "sha1-3ajGoU2PNAok40Mx4Pqwy1BDjg4="
  "resolved" "https://registry.npm.taobao.org/es-module-lexer/download/es-module-lexer-0.4.1.tgz"
  "version" "0.4.1"

"esbuild@^0.12.5":
  "integrity" "sha1-rJDad8s7+/SauBUgC873/+GjNI8="
  "resolved" "https://registry.nlark.com/esbuild/download/esbuild-0.12.8.tgz"
  "version" "0.12.8"

"estree-walker@^2.0.1":
  "integrity" "sha1-UvAQF4wqTBF6d1fP6UKtt9LaTKw="
  "resolved" "https://registry.npm.taobao.org/estree-walker/download/estree-walker-2.0.2.tgz?cache=0&sync_timestamp=1611956983677&other_urls=https%3A%2F%2Fregistry.npm.taobao.org%2Festree-walker%2Fdownload%2Festree-walker-2.0.2.tgz"
  "version" "2.0.2"

"fsevents@~2.3.1":
  "integrity" "sha1-ilJveLj99GI7cJ4Ll1xSwkwC/Ro="
  "resolved" "https://registry.npm.taobao.org/fsevents/download/fsevents-2.3.2.tgz?cache=0&sync_timestamp=1612536512306&other_urls=https%3A%2F%2Fregistry.npm.taobao.org%2Ffsevents%2Fdownload%2Ffsevents-2.3.2.tgz"
  "version" "2.3.2"

"function-bind@^1.1.1":
  "integrity" "sha1-pWiZ0+o8m6uHS7l3O3xe3pL0iV0="
  "resolved" "https://registry.npm.taobao.org/function-bind/download/function-bind-1.1.1.tgz"
  "version" "1.1.1"

"generic-names@^2.0.1":
  "integrity" "sha1-+KN46tLMqno08DF7BVVIMq5BuHI="
  "resolved" "https://registry.nlark.com/generic-names/download/generic-names-2.0.1.tgz"
  "version" "2.0.1"
  dependencies:
    "loader-utils" "^1.1.0"

"has@^1.0.3":
  "integrity" "sha1-ci18v8H2qoJB8W3YFOAR4fQeh5Y="
  "resolved" "https://registry.nlark.com/has/download/has-1.0.3.tgz"
  "version" "1.0.3"
  dependencies:
    "function-bind" "^1.1.1"

"hash-sum@^2.0.0":
  "integrity" "sha1-gdAbtd6OpKIUrV1urRtSNGCwtFo="
  "resolved" "https://registry.npm.taobao.org/hash-sum/download/hash-sum-2.0.0.tgz"
  "version" "2.0.0"

"header-case@^2.0.4":
  "integrity" "sha1-WkLmO1UXc0nPQFvrjXdayruSwGM="
  "resolved" "https://registry.npm.taobao.org/header-case/download/header-case-2.0.4.tgz?cache=0&sync_timestamp=1606867326152&other_urls=https%3A%2F%2Fregistry.npm.taobao.org%2Fheader-case%2Fdownload%2Fheader-case-2.0.4.tgz"
  "version" "2.0.4"
  dependencies:
    "capital-case" "^1.0.4"
    "tslib" "^2.0.3"

"icss-replace-symbols@^1.1.0":
  "integrity" "sha1-Bupvg2ead0njhs/h/oEq5dsiPe0="
  "resolved" "https://registry.npm.taobao.org/icss-replace-symbols/download/icss-replace-symbols-1.1.0.tgz"
  "version" "1.1.0"

"icss-utils@^5.0.0":
  "integrity" "sha1-xr5oWKvQE9do6YNmrkfiXViHsa4="
  "resolved" "https://registry.npm.taobao.org/icss-utils/download/icss-utils-5.1.0.tgz"
  "version" "5.1.0"

"is-core-module@^2.2.0":
  "integrity" "sha1-jp/I4VAnsBFBgCbpjw5vTYYwXME="
  "resolved" "https://registry.nlark.com/is-core-module/download/is-core-module-2.4.0.tgz?cache=0&other_urls=https%3A%2F%2Fregistry.nlark.com%2Fis-core-module%2Fdownload%2Fis-core-module-2.4.0.tgz"
  "version" "2.4.0"
  dependencies:
    "has" "^1.0.3"

"is-plain-object@3.0.1":
  "integrity" "sha1-Zi2S0kwKpDAkB7DUXSHyJRyF+Fs="
  "resolved" "https://registry.npm.taobao.org/is-plain-object/download/is-plain-object-3.0.1.tgz?cache=0&sync_timestamp=1599667374673&other_urls=https%3A%2F%2Fregistry.npm.taobao.org%2Fis-plain-object%2Fdownload%2Fis-plain-object-3.0.1.tgz"
  "version" "3.0.1"

"js-tokens@^3.0.0 || ^4.0.0":
  "integrity" "sha1-GSA/tZmR35jjoocFDUZHzerzJJk="
  "resolved" "https://registry.nlark.com/js-tokens/download/js-tokens-4.0.0.tgz?cache=0&sync_timestamp=1619345319573&other_urls=https%3A%2F%2Fregistry.nlark.com%2Fjs-tokens%2Fdownload%2Fjs-tokens-4.0.0.tgz"
  "version" "4.0.0"

"json5@^1.0.1":
  "integrity" "sha1-d5+wAYYE+oVOrL9iUhgNg1Q+Pb4="
  "resolved" "https://registry.npm.taobao.org/json5/download/json5-1.0.1.tgz"
  "version" "1.0.1"
  dependencies:
    "minimist" "^1.2.0"

"loader-utils@^1.1.0":
  "integrity" "sha1-xXm140yzSxp07cbB+za/o3HVphM="
  "resolved" "https://registry.npm.taobao.org/loader-utils/download/loader-utils-1.4.0.tgz"
  "version" "1.4.0"
  dependencies:
    "big.js" "^5.2.2"
    "emojis-list" "^3.0.0"
    "json5" "^1.0.1"

"lodash-es@^4.17.15":
  "integrity" "sha1-Q+YmxG5lkbd1C+srUBFzkMYJ4+4="
  "resolved" "https://registry.npm.taobao.org/lodash-es/download/lodash-es-4.17.21.tgz?cache=0&sync_timestamp=1613835893273&other_urls=https%3A%2F%2Fregistry.npm.taobao.org%2Flodash-es%2Fdownload%2Flodash-es-4.17.21.tgz"
  "version" "4.17.21"

"lodash.camelcase@^4.3.0":
  "integrity" "sha1-soqmKIorn8ZRA1x3EfZathkDMaY="
  "resolved" "https://registry.npm.taobao.org/lodash.camelcase/download/lodash.camelcase-4.3.0.tgz"
  "version" "4.3.0"

"lodash@^4.17.15", "lodash@^4.17.20", "lodash@^4.17.21":
  "integrity" "sha1-Z5WRxWTDv/quhFTPCz3zcMPWkRw="
  "resolved" "https://registry.nlark.com/lodash/download/lodash-4.17.21.tgz"
  "version" "4.17.21"

"loose-envify@^1.0.0":
  "integrity" "sha1-ce5R+nvkyuwaY4OffmgtgTLTDK8="
  "resolved" "https://registry.npm.taobao.org/loose-envify/download/loose-envify-1.4.0.tgz"
  "version" "1.4.0"
  dependencies:
    "js-tokens" "^3.0.0 || ^4.0.0"

"lower-case@^2.0.2":
  "integrity" "sha1-b6I3xj29xKgsoP2ILkci3F5jTig="
  "resolved" "https://registry.npm.taobao.org/lower-case/download/lower-case-2.0.2.tgz?cache=0&sync_timestamp=1606867333511&other_urls=https%3A%2F%2Fregistry.npm.taobao.org%2Flower-case%2Fdownload%2Flower-case-2.0.2.tgz"
  "version" "2.0.2"
  dependencies:
    "tslib" "^2.0.3"

"lru-cache@^5.1.1":
  "integrity" "sha1-HaJ+ZxAnGUdpXa9oSOhH8B2EuSA="
  "resolved" "https://registry.npm.taobao.org/lru-cache/download/lru-cache-5.1.1.tgz?cache=0&sync_timestamp=1599054167787&other_urls=https%3A%2F%2Fregistry.npm.taobao.org%2Flru-cache%2Fdownload%2Flru-cache-5.1.1.tgz"
  "version" "5.1.1"
  dependencies:
    "yallist" "^3.0.2"

"magic-string@^0.25.7":
  "integrity" "sha1-P0l9b9NMZpxnmNy4IfLvMfVEUFE="
  "resolved" "https://registry.nlark.com/magic-string/download/magic-string-0.25.7.tgz?cache=0&sync_timestamp=1618847046304&other_urls=https%3A%2F%2Fregistry.nlark.com%2Fmagic-string%2Fdownload%2Fmagic-string-0.25.7.tgz"
  "version" "0.25.7"
  dependencies:
    "sourcemap-codec" "^1.4.4"

"merge-source-map@^1.1.0":
  "integrity" "sha1-L93n5gIJOfcJBqaPLXrmheTIxkY="
  "resolved" "https://registry.nlark.com/merge-source-map/download/merge-source-map-1.1.0.tgz"
  "version" "1.1.0"
  dependencies:
    "source-map" "^0.6.1"

"minimist@^1.2.0":
  "integrity" "sha1-Z9ZgFLZqaoqqDAg8X9WN9OTpdgI="
  "resolved" "https://registry.nlark.com/minimist/download/minimist-1.2.5.tgz?cache=0&sync_timestamp=1618846813226&other_urls=https%3A%2F%2Fregistry.nlark.com%2Fminimist%2Fdownload%2Fminimist-1.2.5.tgz"
  "version" "1.2.5"

"mitt@^2.1.0":
  "integrity" "sha1-90BXfCMXbGIFsSGylzUU6t4bIjA="
  "resolved" "https://registry.nlark.com/mitt/download/mitt-2.1.0.tgz"
  "version" "2.1.0"

"moment@^2.27.0":
  "integrity" "sha1-sr52n6MZQL6e7qZGnAdeNQBvo9M="
  "resolved" "https://registry.npm.taobao.org/moment/download/moment-2.29.1.tgz"
  "version" "2.29.1"

"ms@2.1.2":
  "integrity" "sha1-0J0fNXtEP0kzgqjrPM0YOHKuYAk="
  "resolved" "https://registry.npm.taobao.org/ms/download/ms-2.1.2.tgz?cache=0&sync_timestamp=1607433842694&other_urls=https%3A%2F%2Fregistry.npm.taobao.org%2Fms%2Fdownload%2Fms-2.1.2.tgz"
  "version" "2.1.2"

"nanoid@^3.1.23":
  "integrity" "sha1-90QIbOfCvEfuCoRyV01ceOQYOoE="
  "resolved" "https://registry.nlark.com/nanoid/download/nanoid-3.1.23.tgz"
  "version" "3.1.23"

"nanopop@^2.1.0":
  "integrity" "sha1-I0dlE87iQFiIr9LopLVAZrcLnmA="
  "resolved" "https://registry.npm.taobao.org/nanopop/download/nanopop-2.1.0.tgz"
  "version" "2.1.0"

"no-case@^3.0.4":
  "integrity" "sha1-02H9XJgA9VhVGoNp/A3NRmK2Ek0="
  "resolved" "https://registry.nlark.com/no-case/download/no-case-3.0.4.tgz"
  "version" "3.0.4"
  dependencies:
    "lower-case" "^2.0.2"
    "tslib" "^2.0.3"

"normalize-wheel@^1.0.1":
  "integrity" "sha1-rsiGr/2wRQcNhWRH32Ls+GFG7EU="
  "resolved" "https://registry.npm.taobao.org/normalize-wheel/download/normalize-wheel-1.0.1.tgz"
  "version" "1.0.1"

"omit.js@^2.0.0":
  "integrity" "sha1-3ZuENvq5R6Xz/yFMslOGMeMT7C8="
  "resolved" "https://registry.npm.taobao.org/omit.js/download/omit.js-2.0.2.tgz"
  "version" "2.0.2"

"param-case@^3.0.4":
  "integrity" "sha1-fRf+SqEr3jTUp32RrPtiGcqtAcU="
  "resolved" "https://registry.npm.taobao.org/param-case/download/param-case-3.0.4.tgz?cache=0&sync_timestamp=1606867292797&other_urls=https%3A%2F%2Fregistry.npm.taobao.org%2Fparam-case%2Fdownload%2Fparam-case-3.0.4.tgz"
  "version" "3.0.4"
  dependencies:
    "dot-case" "^3.0.4"
    "tslib" "^2.0.3"

"pascal-case@^3.1.2":
  "integrity" "sha1-tI4O8rmOIF58Ha50fQsVCCN2YOs="
  "resolved" "https://registry.nlark.com/pascal-case/download/pascal-case-3.1.2.tgz"
  "version" "3.1.2"
  dependencies:
    "no-case" "^3.0.4"
    "tslib" "^2.0.3"

"path-case@^3.0.4":
  "integrity" "sha1-kWhkUzTrlCZYN1xW+AtMDLX4LG8="
  "resolved" "https://registry.npm.taobao.org/path-case/download/path-case-3.0.4.tgz?cache=0&sync_timestamp=1606867325967&other_urls=https%3A%2F%2Fregistry.npm.taobao.org%2Fpath-case%2Fdownload%2Fpath-case-3.0.4.tgz"
  "version" "3.0.4"
  dependencies:
    "dot-case" "^3.0.4"
    "tslib" "^2.0.3"

"path-parse@^1.0.6":
  "integrity" "sha1-+8EUtgykKzDZ2vWFjkvWi77bZzU="
  "resolved" "https://registry.nlark.com/path-parse/download/path-parse-1.0.7.tgz"
  "version" "1.0.7"

"picomatch@^2.2.2":
  "integrity" "sha1-8fBh3o9qS/AiiS4tEoI0+5gwKXI="
  "resolved" "https://registry.nlark.com/picomatch/download/picomatch-2.3.0.tgz?cache=0&sync_timestamp=1621648246651&other_urls=https%3A%2F%2Fregistry.nlark.com%2Fpicomatch%2Fdownload%2Fpicomatch-2.3.0.tgz"
  "version" "2.3.0"

"postcss-modules-extract-imports@^3.0.0":
  "integrity" "sha1-zaHwR8CugMl9vijD52pDuIAldB0="
  "resolved" "https://registry.nlark.com/postcss-modules-extract-imports/download/postcss-modules-extract-imports-3.0.0.tgz"
  "version" "3.0.0"

"postcss-modules-local-by-default@^4.0.0":
  "integrity" "sha1-67tU+uFZjuz99pGgKz/zs5ClpRw="
  "resolved" "https://registry.npm.taobao.org/postcss-modules-local-by-default/download/postcss-modules-local-by-default-4.0.0.tgz?cache=0&sync_timestamp=1602587568476&other_urls=https%3A%2F%2Fregistry.npm.taobao.org%2Fpostcss-modules-local-by-default%2Fdownload%2Fpostcss-modules-local-by-default-4.0.0.tgz"
  "version" "4.0.0"
  dependencies:
    "icss-utils" "^5.0.0"
    "postcss-selector-parser" "^6.0.2"
    "postcss-value-parser" "^4.1.0"

"postcss-modules-scope@^3.0.0":
  "integrity" "sha1-nvMVFFbTu/oSDKRImN/Kby+gHwY="
  "resolved" "https://registry.npm.taobao.org/postcss-modules-scope/download/postcss-modules-scope-3.0.0.tgz?cache=0&sync_timestamp=1602593203693&other_urls=https%3A%2F%2Fregistry.npm.taobao.org%2Fpostcss-modules-scope%2Fdownload%2Fpostcss-modules-scope-3.0.0.tgz"
  "version" "3.0.0"
  dependencies:
    "postcss-selector-parser" "^6.0.4"

"postcss-modules-values@^4.0.0":
  "integrity" "sha1-18Xn5ow7s8myfL9Iyguz/7RgLJw="
  "resolved" "https://registry.npm.taobao.org/postcss-modules-values/download/postcss-modules-values-4.0.0.tgz?cache=0&sync_timestamp=1602586308035&other_urls=https%3A%2F%2Fregistry.npm.taobao.org%2Fpostcss-modules-values%2Fdownload%2Fpostcss-modules-values-4.0.0.tgz"
  "version" "4.0.0"
  dependencies:
    "icss-utils" "^5.0.0"

"postcss-modules@^4.0.0":
  "integrity" "sha1-xMTEHZjZfSTHDojaz8l69aSz4h0="
  "resolved" "https://registry.nlark.com/postcss-modules/download/postcss-modules-4.1.3.tgz"
  "version" "4.1.3"
  dependencies:
    "generic-names" "^2.0.1"
    "icss-replace-symbols" "^1.1.0"
    "lodash.camelcase" "^4.3.0"
    "postcss-modules-extract-imports" "^3.0.0"
    "postcss-modules-local-by-default" "^4.0.0"
    "postcss-modules-scope" "^3.0.0"
    "postcss-modules-values" "^4.0.0"
    "string-hash" "^1.1.1"

"postcss-selector-parser@^6.0.2", "postcss-selector-parser@^6.0.4":
  "integrity" "sha1-LFu6gXSsL2mBq2MaQqsO5UrzMuo="
  "resolved" "https://registry.nlark.com/postcss-selector-parser/download/postcss-selector-parser-6.0.6.tgz?cache=0&sync_timestamp=1620752939806&other_urls=https%3A%2F%2Fregistry.nlark.com%2Fpostcss-selector-parser%2Fdownload%2Fpostcss-selector-parser-6.0.6.tgz"
  "version" "6.0.6"
  dependencies:
    "cssesc" "^3.0.0"
    "util-deprecate" "^1.0.2"

"postcss-value-parser@^4.1.0":
  "integrity" "sha1-RD9qIM7WSBor2k+oUypuVdeJoss="
  "resolved" "https://registry.npm.taobao.org/postcss-value-parser/download/postcss-value-parser-4.1.0.tgz"
  "version" "4.1.0"

"postcss@^8.0.0", "postcss@^8.1.0", "postcss@^8.1.10", "postcss@^8.3.0":
  "integrity" "sha1-cfOAFRwif4O4mClKRkgfaJ+Gtwo="
  "resolved" "https://registry.nlark.com/postcss/download/postcss-8.3.1.tgz"
  "version" "8.3.1"
  dependencies:
    "colorette" "^1.2.2"
    "nanoid" "^3.1.23"
    "source-map-js" "^0.6.2"

"regenerator-runtime@^0.13.4":
  "integrity" "sha1-ysLazIoepnX+qrrriugziYrkb1U="
  "resolved" "https://registry.nlark.com/regenerator-runtime/download/regenerator-runtime-0.13.7.tgz"
  "version" "0.13.7"

"resize-observer-polyfill@^1.5.1":
  "integrity" "sha1-DpAg3T0hAkRY1OvSfiPkAmmBBGQ="
  "resolved" "https://registry.npm.taobao.org/resize-observer-polyfill/download/resize-observer-polyfill-1.5.1.tgz"
  "version" "1.5.1"

"resolve@^1.19.0":
  "integrity" "sha1-YpoBP7P3B1XW8LeTXMHCxTeLGXU="
  "resolved" "https://registry.npm.taobao.org/resolve/download/resolve-1.20.0.tgz?cache=0&sync_timestamp=1613054822645&other_urls=https%3A%2F%2Fregistry.npm.taobao.org%2Fresolve%2Fdownload%2Fresolve-1.20.0.tgz"
  "version" "1.20.0"
  dependencies:
    "is-core-module" "^2.2.0"
    "path-parse" "^1.0.6"

"rollup@^1.20.0||^2.0.0", "rollup@^2.38.5":
  "integrity" "sha1-h7zUCV/nmxTJvsDtx/+kTkgn95M="
  "resolved" "https://registry.nlark.com/rollup/download/rollup-2.51.1.tgz?cache=0&sync_timestamp=1623131008529&other_urls=https%3A%2F%2Fregistry.nlark.com%2Frollup%2Fdownload%2Frollup-2.51.1.tgz"
  "version" "2.51.1"
  optionalDependencies:
    "fsevents" "~2.3.1"

"scroll-into-view-if-needed@^2.2.25":
  "integrity" "sha1-WhWy9YpSZCyIyOylhGROAXA9ZFo="
  "resolved" "https://registry.npm.taobao.org/scroll-into-view-if-needed/download/scroll-into-view-if-needed-2.2.28.tgz"
  "version" "2.2.28"
  dependencies:
    "compute-scroll-into-view" "^1.0.17"

"sentence-case@^3.0.4":
  "integrity" "sha1-NkWnuMEXx4f96HAgViJbtipFEx8="
  "resolved" "https://registry.npm.taobao.org/sentence-case/download/sentence-case-3.0.4.tgz?cache=0&sync_timestamp=1606867325535&other_urls=https%3A%2F%2Fregistry.npm.taobao.org%2Fsentence-case%2Fdownload%2Fsentence-case-3.0.4.tgz"
  "version" "3.0.4"
  dependencies:
    "no-case" "^3.0.4"
    "tslib" "^2.0.3"
    "upper-case-first" "^2.0.2"

"shallow-equal@^1.0.0":
  "integrity" "sha1-TBar+lYEOqINBQMk76aJQLDaedo="
  "resolved" "https://registry.npm.taobao.org/shallow-equal/download/shallow-equal-1.2.1.tgz"
  "version" "1.2.1"

"snake-case@^3.0.4":
  "integrity" "sha1-Tyu9Vo6ZNavf1ZPzTGkdrbScRSw="
  "resolved" "https://registry.npm.taobao.org/snake-case/download/snake-case-3.0.4.tgz?cache=0&sync_timestamp=1606867326057&other_urls=https%3A%2F%2Fregistry.npm.taobao.org%2Fsnake-case%2Fdownload%2Fsnake-case-3.0.4.tgz"
  "version" "3.0.4"
  dependencies:
    "dot-case" "^3.0.4"
    "tslib" "^2.0.3"

"source-map-js@^0.6.2":
  "integrity" "sha1-C7XeYxtBz72mz7qL0FqA79/SOF4="
  "resolved" "https://registry.npm.taobao.org/source-map-js/download/source-map-js-0.6.2.tgz"
  "version" "0.6.2"

"source-map@^0.6.1":
  "integrity" "sha1-dHIq8y6WFOnCh6jQu95IteLxomM="
  "resolved" "https://registry.npm.taobao.org/source-map/download/source-map-0.6.1.tgz"
  "version" "0.6.1"

"sourcemap-codec@^1.4.4":
  "integrity" "sha1-6oBL2UhXQC5pktBaOO8a41qatMQ="
  "resolved" "https://registry.npm.taobao.org/sourcemap-codec/download/sourcemap-codec-1.4.8.tgz"
  "version" "1.4.8"

"string-hash@^1.1.1":
  "integrity" "sha1-6Kr8CsGFW0Zmkp7X3RJ1311sgRs="
  "resolved" "https://registry.npm.taobao.org/string-hash/download/string-hash-1.1.3.tgz"
  "version" "1.1.3"

"to-fast-properties@^2.0.0":
  "integrity" "sha1-3F5pjL0HkmW8c+A3doGk5Og/YW4="
  "resolved" "https://registry.npm.taobao.org/to-fast-properties/download/to-fast-properties-2.0.0.tgz"
  "version" "2.0.0"

"tslib@^2.0.3":
  "integrity" "sha1-+yxHWXfjXiQTEe3iaTzuHsZpj1w="
  "resolved" "https://registry.npm.taobao.org/tslib/download/tslib-2.2.0.tgz?cache=0&sync_timestamp=1617647074515&other_urls=https%3A%2F%2Fregistry.npm.taobao.org%2Ftslib%2Fdownload%2Ftslib-2.2.0.tgz"
  "version" "2.2.0"

"tslib@2.0.3":
  "integrity" "sha1-jgdBrEX8DCJuWKF7/D5kubxsphw="
  "resolved" "https://registry.nlark.com/tslib/download/tslib-2.0.3.tgz?cache=0&sync_timestamp=1623452008922&other_urls=https%3A%2F%2Fregistry.nlark.com%2Ftslib%2Fdownload%2Ftslib-2.0.3.tgz"
  "version" "2.0.3"

"upper-case-first@^2.0.2":
  "integrity" "sha1-mSwyc/iCq9GdHgKJTMFHEX+EQyQ="
  "resolved" "https://registry.npm.taobao.org/upper-case-first/download/upper-case-first-2.0.2.tgz?cache=0&sync_timestamp=1606867326586&other_urls=https%3A%2F%2Fregistry.npm.taobao.org%2Fupper-case-first%2Fdownload%2Fupper-case-first-2.0.2.tgz"
  "version" "2.0.2"
  dependencies:
    "tslib" "^2.0.3"

"upper-case@^2.0.2":
  "integrity" "sha1-2JgQgj+qsd8VSbfZenb4Ziuub3o="
  "resolved" "https://registry.npm.taobao.org/upper-case/download/upper-case-2.0.2.tgz"
  "version" "2.0.2"
  dependencies:
    "tslib" "^2.0.3"

"util-deprecate@^1.0.2":
  "integrity" "sha1-RQ1Nyfpw3nMnYvvS1KKJgUGaDM8="
  "resolved" "https://registry.npm.taobao.org/util-deprecate/download/util-deprecate-1.0.2.tgz"
  "version" "1.0.2"

"vite-plugin-style-import@^0.10.1":
  "integrity" "sha1-hzLSwEySt+E6ev3cuOSjTyifwXw="
  "resolved" "https://registry.nlark.com/vite-plugin-style-import/download/vite-plugin-style-import-0.10.1.tgz"
  "version" "0.10.1"
  dependencies:
    "@rollup/pluginutils" "^4.1.0"
    "change-case" "^4.1.2"
    "debug" "^4.3.2"
    "es-module-lexer" "^0.4.1"
    "magic-string" "^0.25.7"

"vite@^2.3.7", "vite@>=2.0.0":
  "integrity" "sha1-MCOJJBk2dGXhrxc5V4+GY9BCQ7I="
  "resolved" "https://registry.nlark.com/vite/download/vite-2.3.7.tgz?cache=0&sync_timestamp=1623136852238&other_urls=https%3A%2F%2Fregistry.nlark.com%2Fvite%2Fdownload%2Fvite-2.3.7.tgz"
  "version" "2.3.7"
  dependencies:
    "esbuild" "^0.12.5"
    "postcss" "^8.3.0"
    "resolve" "^1.19.0"
    "rollup" "^2.38.5"
  optionalDependencies:
    "fsevents" "~2.3.1"

"vue-router@^4.0.8":
  "integrity" "sha1-VdQpCjEiRE7byRo80kkrsdDO9JQ="
  "resolved" "https://registry.nlark.com/vue-router/download/vue-router-4.0.8.tgz?cache=0&sync_timestamp=1620899536020&other_urls=https%3A%2F%2Fregistry.nlark.com%2Fvue-router%2Fdownload%2Fvue-router-4.0.8.tgz"
  "version" "4.0.8"
  dependencies:
    "@vue/devtools-api" "^6.0.0-beta.10"

"vue-types@^3.0.0":
  "integrity" "sha1-7BbgXUEsA4Ji/B76TOuWR+f7YB0="
  "resolved" "https://registry.nlark.com/vue-types/download/vue-types-3.0.2.tgz"
  "version" "3.0.2"
  dependencies:
    "is-plain-object" "3.0.1"

"vue@^3.0.0", "vue@^3.0.5", "vue@>=3.0.3", "vue@>=3.1.0", "vue@3.1.1":
  "integrity" "sha1-mtZVdYoPpsDe5bPSQx05Eqmzgao="
  "resolved" "https://registry.nlark.com/vue/download/vue-3.1.1.tgz"
  "version" "3.1.1"
  dependencies:
    "@vue/compiler-dom" "3.1.1"
    "@vue/runtime-dom" "3.1.1"
    "@vue/shared" "3.1.1"

"warning@^4.0.0":
  "integrity" "sha1-Fungd+uKhtavfWSqHgX9hbRnjKM="
  "resolved" "https://registry.npm.taobao.org/warning/download/warning-4.0.3.tgz"
  "version" "4.0.3"
  dependencies:
    "loose-envify" "^1.0.0"

"yallist@^3.0.2":
  "integrity" "sha1-27fa+b/YusmrRev2ArjLrQ1dCP0="
  "resolved" "https://registry.npm.taobao.org/yallist/download/yallist-3.1.1.tgz"
  "version" "3.1.1"

"zrender@5.1.1":
  "integrity" "sha1-BRX0+MwPR0LwKmuIGVUKbRPWTFw="
  "resolved" "https://registry.nlark.com/zrender/download/zrender-5.1.1.tgz"
  "version" "5.1.1"
  dependencies:
    "tslib" "2.0.3"
